{
  "nodes": {
    "nixpkgs": {
      "locked": {
        "lastModified": 1723320709,
        "narHash": "sha256-DeKCsLQsS58D8TB/cTjXs2x8XMvsyv2JVxcF0Hu6pu8=",
        "owner": "NixOS",
        "repo": "nixpkgs",
        "rev": "e1d92cda6fd1bcec60e4938ce92fcee619eea793",
        "type": "github"
      },
      "original": {
        "owner": "NixOS",
        "ref": "nixpkgs-unstable",
        "repo": "nixpkgs",
        "type": "github"
      }
    },
    "root": {
      "inputs": {
        "nixpkgs": "nixpkgs"
      }
    }
  },
  "root": "root",
  "version": 7
}
