{
  "nodes": {
    "common": {
      "flake": false,
      "locked": {
        "lastModified": 1695284846,
        "narHash": "sha256-lAHSjPGKr8JMIjsPGVp7W4FQmkL4OzKZ/fzyi8a+3hk=",
        "owner": "VILLASframework",
        "repo": "common",
        "rev": "db72389184a5db513c701073d0e02f157ec17ddb",
        "type": "github"
      },
      "original": {
        "owner": "VILLASframework",
        "repo": "common",
        "type": "github"
      }
    },
    "ethercat": {
      "flake": false,
      "locked": {
        "lastModified": 1694079333,
        "narHash": "sha256-6F3zBhnU4CFpiO+Cnbd6ecUuiGH/KUntpPfuSYZ+rAI=",
        "owner": "etherlab.org",
        "repo": "ethercat",
        "rev": "722b2d607c4fc004ebf5204aaede0059c02274f4",
        "type": "gitlab"
      },
      "original": {
        "owner": "etherlab.org",
        "ref": "stable-1.5",
        "repo": "ethercat",
        "type": "gitlab"
      }
    },
    "fpga": {
      "flake": false,
      "locked": {
        "lastModified": 1694165718,
        "narHash": "sha256-Eymswj0QN1cBxtxtjDiAg4JtxlZB7j9AkW3RwchaNMA=",
        "ref": "refs/heads/master",
        "rev": "47553b8c05e7aabdee5f07d0ba985ef1db28dcd4",
        "revCount": 534,
        "submodules": true,
        "type": "git",
        "url": "https://github.com/VILLASframework/fpga.git"
      },
      "original": {
        "submodules": true,
        "type": "git",
        "url": "https://github.com/VILLASframework/fpga.git"
      }
    },
    "lib60870": {
      "flake": false,
      "locked": {
        "lastModified": 1672404819,
        "narHash": "sha256-9o+gWQbpCJb+UZzPNmzGqpWD0QbGjg41is/f1POUEQs=",
        "owner": "mz-automation",
        "repo": "lib60870",
        "rev": "53a6b3c1cf3023e51cf81763b1ccf048edcd1c64",
        "type": "github"
      },
      "original": {
        "owner": "mz-automation",
        "ref": "v2.3.2",
        "repo": "lib60870",
        "type": "github"
      }
    },
    "libdatachannel": {
      "flake": false,
      "locked": {
        "lastModified": 1683797946,
        "narHash": "sha256-kSK+5gFMG6tq89R1m08gNBKPdwyR/mLEDhWXQ/uk34o=",
        "ref": "refs/tags/v0.18.4",
        "rev": "7a5e01071ae635e06f175233abd11d623f09cbb8",
        "revCount": 2459,
        "submodules": true,
        "type": "git",
        "url": "https://github.com/paullouisageneau/libdatachannel.git"
      },
      "original": {
        "ref": "refs/tags/v0.18.4",
        "submodules": true,
        "type": "git",
        "url": "https://github.com/paullouisageneau/libdatachannel.git"
      }
    },
    "libiec61850": {
      "flake": false,
      "locked": {
        "lastModified": 1647022552,
        "narHash": "sha256-1vT0ry6IJqilpM7g9l7fx+ET+Dyo24WAyWqTyPM9nQw=",
        "owner": "mz-automation",
        "repo": "libiec61850",
        "rev": "210cf30897631fe2006ac50483caf8fd616622a2",
        "type": "github"
      },
      "original": {
        "owner": "mz-automation",
        "ref": "v1.5.1",
        "repo": "libiec61850",
        "type": "github"
      }
    },
    "nixpkgs": {
      "locked": {
        "lastModified": 1695628330,
        "narHash": "sha256-U9ssZ3/Yw3JAq7j0XzCpSbXxtIoC53QmWoXj0wPS47g=",
        "owner": "NixOS",
        "repo": "nixpkgs",
        "rev": "d35b5bf9c75b72e54dcaf7b24964a794d2ce8edf",
        "type": "github"
      },
      "original": {
        "owner": "NixOS",
        "ref": "release-23.05",
        "repo": "nixpkgs",
        "type": "github"
      }
    },
    "root": {
      "inputs": {
        "common": "common",
        "ethercat": "ethercat",
        "fpga": "fpga",
        "lib60870": "lib60870",
        "libdatachannel": "libdatachannel",
        "libiec61850": "libiec61850",
        "nixpkgs": "nixpkgs"
      }
    }
  },
  "root": "root",
  "version": 7
}
