{
  "nodes": {
    "common": {
      "flake": false,
      "locked": {
        "lastModified": 1688124353,
        "narHash": "sha256-TPupRVaYV/Rxpj2BHjnEeSXZOVRKhnFtG1fdqLxVWcY=",
        "owner": "VILLASframework",
        "repo": "common",
        "rev": "120312e938dc298b4dc13792e1acf7510190bbf4",
        "type": "github"
      },
      "original": {
        "owner": "VILLASframework",
        "repo": "common",
        "type": "github"
      }
    },
    "ethercat": {
      "flake": false,
      "locked": {
        "lastModified": 1689851599,
        "narHash": "sha256-r829UW4ziY+QUxqjb2j2Bo+xJeUNWn6WiSRK3Gly2Zo=",
        "owner": "etherlab.org",
        "repo": "ethercat",
        "rev": "c8a512ac077f2ab51bb072bfbef1a687f9f1c090",
        "type": "gitlab"
      },
      "original": {
        "owner": "etherlab.org",
        "ref": "stable-1.5",
        "repo": "ethercat",
        "type": "gitlab"
      }
    },
    "fpga": {
      "flake": false,
      "locked": {
        "lastModified": 1690302379,
        "narHash": "sha256-u2u4CUffhA9jxtuk4HokqlmyDQGNz4+LOEJ5Z9DhedU=",
        "ref": "refs/heads/master",
        "rev": "1cac3fafde6ef3098a145f9d5d936a2dc6b7d7c0",
        "revCount": 532,
        "submodules": true,
        "type": "git",
        "url": "https://github.com/VILLASframework/fpga.git"
      },
      "original": {
        "submodules": true,
        "type": "git",
        "url": "https://github.com/VILLASframework/fpga.git"
      }
    },
    "lib60870": {
      "flake": false,
      "locked": {
        "lastModified": 1672404819,
        "narHash": "sha256-9o+gWQbpCJb+UZzPNmzGqpWD0QbGjg41is/f1POUEQs=",
        "owner": "mz-automation",
        "repo": "lib60870",
        "rev": "53a6b3c1cf3023e51cf81763b1ccf048edcd1c64",
        "type": "github"
      },
      "original": {
        "owner": "mz-automation",
        "ref": "v2.3.2",
        "repo": "lib60870",
        "type": "github"
      }
    },
    "libdatachannel": {
      "flake": false,
      "locked": {
        "lastModified": 1683797946,
        "narHash": "sha256-kSK+5gFMG6tq89R1m08gNBKPdwyR/mLEDhWXQ/uk34o=",
        "ref": "refs/tags/v0.18.4",
        "rev": "7a5e01071ae635e06f175233abd11d623f09cbb8",
        "revCount": 2459,
        "submodules": true,
        "type": "git",
        "url": "https://github.com/paullouisageneau/libdatachannel.git"
      },
      "original": {
        "ref": "refs/tags/v0.18.4",
        "submodules": true,
        "type": "git",
        "url": "https://github.com/paullouisageneau/libdatachannel.git"
      }
    },
    "libiec61850": {
      "flake": false,
      "locked": {
        "lastModified": 1647022552,
        "narHash": "sha256-1vT0ry6IJqilpM7g9l7fx+ET+Dyo24WAyWqTyPM9nQw=",
        "owner": "mz-automation",
        "repo": "libiec61850",
        "rev": "210cf30897631fe2006ac50483caf8fd616622a2",
        "type": "github"
      },
      "original": {
        "owner": "mz-automation",
        "ref": "v1.5.1",
        "repo": "libiec61850",
        "type": "github"
      }
    },
    "nixpkgs": {
      "locked": {
        "lastModified": 1692254348,
        "narHash": "sha256-CyRMA7Rap1X65k4p/uoaLXhbnn+PZvwxNHSeLuiQ9ss=",
        "owner": "NixOS",
        "repo": "nixpkgs",
        "rev": "5353604b0affde24dcd75e59d0d22342b1758cfb",
        "type": "github"
      },
      "original": {
        "owner": "NixOS",
        "ref": "release-23.05",
        "repo": "nixpkgs",
        "type": "github"
      }
    },
    "root": {
      "inputs": {
        "common": "common",
        "ethercat": "ethercat",
        "fpga": "fpga",
        "lib60870": "lib60870",
        "libdatachannel": "libdatachannel",
        "libiec61850": "libiec61850",
        "nixpkgs": "nixpkgs"
      }
    }
  },
  "root": "root",
  "version": 7
}
